
Microsoft Visual Studio Solution File, Format Version 12.00
# Visual Studio 15
Project("{FAE04EC0-301F-11D3-BF4B-00C04F79EFBC}") = "Assembly-CSharp", "Assembly-CSharp.csproj", "{BA4EDC24-6422-A053-73FB-FFFFE3E8E981}"
EndProject
Project("{FAE04EC0-301F-11D3-BF4B-00C04F79EFBC}") = "Assembly-CSharp-firstpass", "Assembly-CSharp-firstpass.csproj", "{6D8AE64A-F6D2-80F3-5733-A6DFC3984EB2}"
EndProject
Project("{FAE04EC0-301F-11D3-BF4B-00C04F79EFBC}") = "Assembly-CSharp-Editor", "Assembly-CSharp-Editor.csproj", "{37A87387-517D-A9DA-AF97-30BB1CE9FD0A}"
EndProject
Project("{FAE04EC0-301F-11D3-BF4B-00C04F79EFBC}") = "Assembly-CSharp-Editor-firstpass", "Assembly-CSharp-Editor-firstpass.csproj", "{EBCC4DD5-D7D9-99DA-21FC-34B8B5A01A0B}"
EndProject
Global
	GlobalSection(SolutionConfigurationPlatforms) = preSolution
		Debug|Any CPU = Debug|Any CPU
		Release|Any CPU = Release|Any CPU
	EndGlobalSection
	GlobalSection(ProjectConfigurationPlatforms) = postSolution
		{BA4EDC24-6422-A053-73FB-FFFFE3E8E981}.Debug|Any CPU.ActiveCfg = Debug|Any CPU
		{BA4EDC24-6422-A053-73FB-FFFFE3E8E981}.Debug|Any CPU.Build.0 = Debug|Any CPU
		{BA4EDC24-6422-A053-73FB-FFFFE3E8E981}.Release|Any CPU.ActiveCfg = Release|Any CPU
		{BA4EDC24-6422-A053-73FB-FFFFE3E8E981}.Release|Any CPU.Build.0 = Release|Any CPU
		{6D8AE64A-F6D2-80F3-5733-A6DFC3984EB2}.Debug|Any CPU.ActiveCfg = Debug|Any CPU
		{6D8AE64A-F6D2-80F3-5733-A6DFC3984EB2}.Debug|Any CPU.Build.0 = Debug|Any CPU
		{6D8AE64A-F6D2-80F3-5733-A6DFC3984EB2}.Release|Any CPU.ActiveCfg = Release|Any CPU
		{6D8AE64A-F6D2-80F3-5733-A6DFC3984EB2}.Release|Any CPU.Build.0 = Release|Any CPU
		{37A87387-517D-A9DA-AF97-30BB1CE9FD0A}.Debug|Any CPU.ActiveCfg = Debug|Any CPU
		{37A87387-517D-A9DA-AF97-30BB1CE9FD0A}.Debug|Any CPU.Build.0 = Debug|Any CPU
		{37A87387-517D-A9DA-AF97-30BB1CE9FD0A}.Release|Any CPU.ActiveCfg = Release|Any CPU
		{37A87387-517D-A9DA-AF97-30BB1CE9FD0A}.Release|Any CPU.Build.0 = Release|Any CPU
		{EBCC4DD5-D7D9-99DA-21FC-34B8B5A01A0B}.Debug|Any CPU.ActiveCfg = Debug|Any CPU
		{EBCC4DD5-D7D9-99DA-21FC-34B8B5A01A0B}.Debug|Any CPU.Build.0 = Debug|Any CPU
		{EBCC4DD5-D7D9-99DA-21FC-34B8B5A01A0B}.Release|Any CPU.ActiveCfg = Release|Any CPU
		{EBCC4DD5-D7D9-99DA-21FC-34B8B5A01A0B}.Release|Any CPU.Build.0 = Release|Any CPU
	EndGlobalSection
	GlobalSection(SolutionProperties) = preSolution
		HideSolutionNode = FALSE
	EndGlobalSection
EndGlobal
